
Microsoft Visual Studio Solution File, Format Version 12.00
# Visual Studio Version 17
VisualStudioVersion = 17.5.33414.496
MinimumVisualStudioVersion = 10.0.40219.1
Project("{FAE04EC0-301F-11D3-BF4B-00C04F79EFBC}") = "FunctionalPrograms", "FunctionalPrograms.csproj", "{9FE08927-B79C-431C-853A-68D35F7DB3ED}"
EndProject
Global
	GlobalSection(SolutionConfigurationPlatforms) = preSolution
		Debug|Any CPU = Debug|Any CPU
		Release|Any CPU = Release|Any CPU
	EndGlobalSection
	GlobalSection(ProjectConfigurationPlatforms) = postSolution
		{9FE08927-B79C-431C-853A-68D35F7DB3ED}.Debug|Any CPU.ActiveCfg = Debug|Any CPU
		{9FE08927-B79C-431C-853A-68D35F7DB3ED}.Debug|Any CPU.Build.0 = Debug|Any CPU
		{9FE08927-B79C-431C-853A-68D35F7DB3ED}.Release|Any CPU.ActiveCfg = Release|Any CPU
		{9FE08927-B79C-431C-853A-68D35F7DB3ED}.Release|Any CPU.Build.0 = Release|Any CPU
	EndGlobalSection
	GlobalSection(SolutionProperties) = preSolution
		HideSolutionNode = FALSE
	EndGlobalSection
	GlobalSection(ExtensibilityGlobals) = postSolution
		SolutionGuid = {C3DECCF1-9CB6-469C-A711-08E5681F11AD}
	EndGlobalSection
EndGlobal
